{
  "name": "sunpositioncalendar",
  "version": "1.0.0",
  "lockfileVersion": 2,
  "requires": true,
  "packages": {
    "": {
      "name": "sunpositioncalendar",
      "version": "1.0.0",
      "license": "ISC",
      "dependencies": {
        "datebook": "^7.0.8"
      }
    },
    "node_modules/datebook": {
      "version": "7.0.8",
      "resolved": "https://registry.npmjs.org/datebook/-/datebook-7.0.8.tgz",
      "integrity": "sha512-+EYcW6Ly06MBjGuJUEfJPb4ZrBa9VutxGAbErBy9NOqOlaSmxnChEAEetyo+uyseFNvGNuO593frXcQJDnGpYw==",
      "dependencies": {
        "file-saver": "^2.0.2"
      }
    },
    "node_modules/file-saver": {
      "version": "2.0.5",
      "resolved": "https://registry.npmjs.org/file-saver/-/file-saver-2.0.5.tgz",
      "integrity": "sha512-P9bmyZ3h/PRG+Nzga+rbdI4OEpNDzAVyy74uVO9ATgzLK6VtAsYybF/+TOCvrc0MO793d6+42lLyZTw7/ArVzA=="
    }
  },
  "dependencies": {
    "datebook": {
      "version": "7.0.8",
      "resolved": "https://registry.npmjs.org/datebook/-/datebook-7.0.8.tgz",
      "integrity": "sha512-+EYcW6Ly06MBjGuJUEfJPb4ZrBa9VutxGAbErBy9NOqOlaSmxnChEAEetyo+uyseFNvGNuO593frXcQJDnGpYw==",
      "requires": {
        "file-saver": "^2.0.2"
      }
    },
    "file-saver": {
      "version": "2.0.5",
      "resolved": "https://registry.npmjs.org/file-saver/-/file-saver-2.0.5.tgz",
      "integrity": "sha512-P9bmyZ3h/PRG+Nzga+rbdI4OEpNDzAVyy74uVO9ATgzLK6VtAsYybF/+TOCvrc0MO793d6+42lLyZTw7/ArVzA=="
    }
  }
}
